
Microsoft Visual Studio Solution File, Format Version 12.00
# Visual Studio 2012
Project("{FAE04EC0-301F-11D3-BF4B-00C04F79EFBC}") = "PhoneWordsIOSProj", "PhoneWordsIOSProj\PhoneWordsIOSProj.csproj", "{E52E47FE-44DB-4ABE-BC90-7861ADC32299}"
EndProject
Global
	GlobalSection(SolutionConfigurationPlatforms) = preSolution
		Debug|iPhoneSimulator = Debug|iPhoneSimulator
		Release|iPhone = Release|iPhone
		Release|iPhoneSimulator = Release|iPhoneSimulator
		Debug|iPhone = Debug|iPhone
	EndGlobalSection
	GlobalSection(ProjectConfigurationPlatforms) = postSolution
		{E52E47FE-44DB-4ABE-BC90-7861ADC32299}.Debug|iPhoneSimulator.ActiveCfg = Debug|iPhoneSimulator
		{E52E47FE-44DB-4ABE-BC90-7861ADC32299}.Debug|iPhoneSimulator.Build.0 = Debug|iPhoneSimulator
		{E52E47FE-44DB-4ABE-BC90-7861ADC32299}.Release|iPhone.ActiveCfg = Release|iPhone
		{E52E47FE-44DB-4ABE-BC90-7861ADC32299}.Release|iPhone.Build.0 = Release|iPhone
		{E52E47FE-44DB-4ABE-BC90-7861ADC32299}.Release|iPhoneSimulator.ActiveCfg = Release|iPhoneSimulator
		{E52E47FE-44DB-4ABE-BC90-7861ADC32299}.Release|iPhoneSimulator.Build.0 = Release|iPhoneSimulator
		{E52E47FE-44DB-4ABE-BC90-7861ADC32299}.Debug|iPhone.ActiveCfg = Debug|iPhone
		{E52E47FE-44DB-4ABE-BC90-7861ADC32299}.Debug|iPhone.Build.0 = Debug|iPhone
	EndGlobalSection
EndGlobal
